
Microsoft Visual Studio Solution File, Format Version 12.00
# Visual Studio 15
VisualStudioVersion = 15.0.27703.2035
MinimumVisualStudioVersion = 10.0.40219.1
Project("{FAE04EC0-301F-11D3-BF4B-00C04F79EFBC}") = "EggsInteractive", "EggsInteractive\EggsInteractive.csproj", "{27A2108F-27D7-4A5D-B5DA-92040CFAB48C}"
EndProject
Global
	GlobalSection(SolutionConfigurationPlatforms) = preSolution
		Debug|Any CPU = Debug|Any CPU
		Release|Any CPU = Release|Any CPU
	EndGlobalSection
	GlobalSection(ProjectConfigurationPlatforms) = postSolution
		{27A2108F-27D7-4A5D-B5DA-92040CFAB48C}.Debug|Any CPU.ActiveCfg = Debug|Any CPU
		{27A2108F-27D7-4A5D-B5DA-92040CFAB48C}.Debug|Any CPU.Build.0 = Debug|Any CPU
		{27A2108F-27D7-4A5D-B5DA-92040CFAB48C}.Release|Any CPU.ActiveCfg = Release|Any CPU
		{27A2108F-27D7-4A5D-B5DA-92040CFAB48C}.Release|Any CPU.Build.0 = Release|Any CPU
	EndGlobalSection
	GlobalSection(SolutionProperties) = preSolution
		HideSolutionNode = FALSE
	EndGlobalSection
	GlobalSection(ExtensibilityGlobals) = postSolution
		SolutionGuid = {C2A3E6B3-25BA-41AB-8088-671DA9AB9299}
	EndGlobalSection
EndGlobal
