
Microsoft Visual Studio Solution File, Format Version 12.00
# Visual Studio 15
VisualStudioVersion = 15.0.27703.2035
MinimumVisualStudioVersion = 10.0.40219.1
Project("{FAE04EC0-301F-11D3-BF4B-00C04F79EFBC}") = "AgeInsultGenerator", "AgeInsultGenerator\AgeInsultGenerator.csproj", "{653CFF5C-4CD5-4DFD-B0ED-CA75D555B100}"
EndProject
Global
	GlobalSection(SolutionConfigurationPlatforms) = preSolution
		Debug|Any CPU = Debug|Any CPU
		Release|Any CPU = Release|Any CPU
	EndGlobalSection
	GlobalSection(ProjectConfigurationPlatforms) = postSolution
		{653CFF5C-4CD5-4DFD-B0ED-CA75D555B100}.Debug|Any CPU.ActiveCfg = Debug|Any CPU
		{653CFF5C-4CD5-4DFD-B0ED-CA75D555B100}.Debug|Any CPU.Build.0 = Debug|Any CPU
		{653CFF5C-4CD5-4DFD-B0ED-CA75D555B100}.Release|Any CPU.ActiveCfg = Release|Any CPU
		{653CFF5C-4CD5-4DFD-B0ED-CA75D555B100}.Release|Any CPU.Build.0 = Release|Any CPU
	EndGlobalSection
	GlobalSection(SolutionProperties) = preSolution
		HideSolutionNode = FALSE
	EndGlobalSection
	GlobalSection(ExtensibilityGlobals) = postSolution
		SolutionGuid = {EEDC1869-8D14-40F3-A0C8-51AFDB0B7D43}
	EndGlobalSection
EndGlobal
